{
    "_meta": {
        "hash": {
            "sha256": "2a30b8102731df2d4ebe43a11dece72d6f9b346d4eda95a93495412abf82671e"
        },
        "pipfile-spec": 6,
        "requires": {
            "python_version": "3.9"
        },
        "sources": [
            {
                "name": "pypi",
                "url": "https://pypi.org/simple",
                "verify_ssl": true
            }
        ]
    },
    "default": {
        "greenlet": {
            "hashes": [
                "sha256:03a8f4f3430c3b3ff8d10a2a86028c660355ab637cee9333d63d66b56f09d52a",
                "sha256:0bf60faf0bc2468089bdc5edd10555bab6e85152191df713e2ab1fcc86382b5a",
                "sha256:18a7f18b82b52ee85322d7a7874e676f34ab319b9f8cce5de06067384aa8ff43",
                "sha256:18e98fb3de7dba1c0a852731c3070cf022d14f0d68b4c87a19cc1016f3bb8b33",
                "sha256:1a819eef4b0e0b96bb0d98d797bef17dc1b4a10e8d7446be32d1da33e095dbb8",
                "sha256:26fbfce90728d82bc9e6c38ea4d038cba20b7faf8a0ca53a9c07b67318d46088",
                "sha256:2780572ec463d44c1d3ae850239508dbeb9fed38e294c68d19a24d925d9223ca",
                "sha256:283737e0da3f08bd637b5ad058507e578dd462db259f7f6e4c5c365ba4ee9343",
                "sha256:2d4686f195e32d36b4d7cf2d166857dbd0ee9f3d20ae349b6bf8afc8485b3645",
                "sha256:2dd11f291565a81d71dab10b7033395b7a3a5456e637cf997a6f33ebdf06f8db",
                "sha256:30bcf80dda7f15ac77ba5af2b961bdd9dbc77fd4ac6105cee85b0d0a5fcf74df",
                "sha256:32e5b64b148966d9cccc2c8d35a671409e45f195864560829f395a54226408d3",
                "sha256:36abbf031e1c0f79dd5d596bfaf8e921c41df2bdf54ee1eed921ce1f52999a86",
                "sha256:3a06ad5312349fec0ab944664b01d26f8d1f05009566339ac6f63f56589bc1a2",
                "sha256:3a51c9751078733d88e013587b108f1b7a1fb106d402fb390740f002b6f6551a",
                "sha256:3c9b12575734155d0c09d6c3e10dbd81665d5c18e1a7c6597df72fd05990c8cf",
                "sha256:3f6ea9bd35eb450837a3d80e77b517ea5bc56b4647f5502cd28de13675ee12f7",
                "sha256:4b58adb399c4d61d912c4c331984d60eb66565175cdf4a34792cd9600f21b394",
                "sha256:4d2e11331fc0c02b6e84b0d28ece3a36e0548ee1a1ce9ddde03752d9b79bba40",
                "sha256:5454276c07d27a740c5892f4907c86327b632127dd9abec42ee62e12427ff7e3",
                "sha256:561091a7be172ab497a3527602d467e2b3fbe75f9e783d8b8ce403fa414f71a6",
                "sha256:6c3acb79b0bfd4fe733dff8bc62695283b57949ebcca05ae5c129eb606ff2d74",
                "sha256:703f18f3fda276b9a916f0934d2fb6d989bf0b4fb5a64825260eb9bfd52d78f0",
                "sha256:7492e2b7bd7c9b9916388d9df23fa49d9b88ac0640db0a5b4ecc2b653bf451e3",
                "sha256:76ae285c8104046b3a7f06b42f29c7b73f77683df18c49ab5af7983994c2dd91",
                "sha256:7cafd1208fdbe93b67c7086876f061f660cfddc44f404279c1585bbf3cdc64c5",
                "sha256:7efde645ca1cc441d6dc4b48c0f7101e8d86b54c8530141b09fd31cef5149ec9",
                "sha256:88d9ab96491d38a5ab7c56dd7a3cc37d83336ecc564e4e8816dbed12e5aaefc8",
                "sha256:8eab883b3b2a38cc1e050819ef06a7e6344d4a990d24d45bc6f2cf959045a45b",
                "sha256:910841381caba4f744a44bf81bfd573c94e10b3045ee00de0cbf436fe50673a6",
                "sha256:9190f09060ea4debddd24665d6804b995a9c122ef5917ab26e1566dcc712ceeb",
                "sha256:937e9020b514ceedb9c830c55d5c9872abc90f4b5862f89c0887033ae33c6f73",
                "sha256:94c817e84245513926588caf1152e3b559ff794d505555211ca041f032abbb6b",
                "sha256:971ce5e14dc5e73715755d0ca2975ac88cfdaefcaab078a284fea6cfabf866df",
                "sha256:9d14b83fab60d5e8abe587d51c75b252bcc21683f24699ada8fb275d7712f5a9",
                "sha256:9f35ec95538f50292f6d8f2c9c9f8a3c6540bbfec21c9e5b4b751e0a7c20864f",
                "sha256:a1846f1b999e78e13837c93c778dcfc3365902cfb8d1bdb7dd73ead37059f0d0",
                "sha256:acd2162a36d3de67ee896c43effcd5ee3de247eb00354db411feb025aa319857",
                "sha256:b0ef99cdbe2b682b9ccbb964743a6aca37905fda5e0452e5ee239b1654d37f2a",
                "sha256:b80f600eddddce72320dbbc8e3784d16bd3fb7b517e82476d8da921f27d4b249",
                "sha256:b864ba53912b6c3ab6bcb2beb19f19edd01a6bfcbdfe1f37ddd1778abfe75a30",
                "sha256:b9ec052b06a0524f0e35bd8790686a1da006bd911dd1ef7d50b77bfbad74e292",
                "sha256:ba2956617f1c42598a308a84c6cf021a90ff3862eddafd20c3333d50f0edb45b",
                "sha256:bdfea8c661e80d3c1c99ad7c3ff74e6e87184895bbaca6ee8cc61209f8b9b85d",
                "sha256:be4ed120b52ae4d974aa40215fcdfde9194d63541c7ded40ee12eb4dda57b76b",
                "sha256:c4302695ad8027363e96311df24ee28978162cdcdd2006476c43970b384a244c",
                "sha256:c48f54ef8e05f04d6eff74b8233f6063cb1ed960243eacc474ee73a2ea8573ca",
                "sha256:c9c59a2120b55788e800d82dfa99b9e156ff8f2227f07c5e3012a45a399620b7",
                "sha256:cd021c754b162c0fb55ad5d6b9d960db667faad0fa2ff25bb6e1301b0b6e6a75",
                "sha256:d27ec7509b9c18b6d73f2f5ede2622441de812e7b1a80bbd446cb0633bd3d5ae",
                "sha256:d5508f0b173e6aa47273bdc0a0b5ba055b59662ba7c7ee5119528f466585526b",
                "sha256:d75209eed723105f9596807495d58d10b3470fa6732dd6756595e89925ce2470",
                "sha256:db1a39669102a1d8d12b57de2bb7e2ec9066a6f2b3da35ae511ff93b01b5d564",
                "sha256:dbfcfc0218093a19c252ca8eb9aee3d29cfdcb586df21049b9d777fd32c14fd9",
                "sha256:e0f72c9ddb8cd28532185f54cc1453f2c16fb417a08b53a855c4e6a418edd099",
                "sha256:e7c8dc13af7db097bed64a051d2dd49e9f0af495c26995c00a9ee842690d34c0",
                "sha256:ea9872c80c132f4663822dd2a08d404073a5a9b5ba6155bea72fb2a79d1093b5",
                "sha256:eff4eb9b7eb3e4d0cae3d28c283dc16d9bed6b193c2e1ace3ed86ce48ea8df19",
                "sha256:f82d4d717d8ef19188687aa32b8363e96062911e63ba22a0cff7802a8e58e5f1",
                "sha256:fc3a569657468b6f3fb60587e48356fe512c1754ca05a564f11366ac9e306526"
            ],
            "markers": "platform_machine == 'aarch64' or (platform_machine == 'ppc64le' or (platform_machine == 'x86_64' or (platform_machine == 'amd64' or (platform_machine == 'AMD64' or (platform_machine == 'win32' or platform_machine == 'WIN32')))))",
            "version": "==2.0.2"
        },
        "pynput": {
            "hashes": [
                "sha256:19861b2a0c430d646489852f89500e0c9332e295f2c020e7c2775e7046aa2e2f",
                "sha256:264429fbe676e98e9050ad26a7017453bdd08768adb25cafb918347cf9f1eb4a",
                "sha256:3a5726546da54116b687785d38b1db56997ce1d28e53e8d22fc656d8b92e533c"
            ],
            "index": "pypi",
            "version": "==1.7.6"
        },
        "pyobjc-core": {
            "hashes": [
                "sha256:25be1c4d530e473ed98b15063b8d6844f0733c98914de6f09fe1f7652b772bbc",
                "sha256:39d11d71f6161ac0bd93cffc8ea210bb0178b56d16a7408bf74283d6ecfa7430",
                "sha256:5ce1510bb0bdff527c597079a42b2e13a19b7592e76850be7960a2775b59c929",
                "sha256:67d67ca8b164f38ceacce28a18025845c3ec69613f3301935d4d2c4ceb22e3fd",
                "sha256:b614406d46175b1438a9596b664bf61952323116704d19bc1dea68052a0aad98",
                "sha256:bd397e729f6271c694fb70df8f5d3d3c9b2f2b8ac02fbbdd1757ca96027b94bb",
                "sha256:d919934eaa6d1cf1505ff447a5c2312be4c5651efcb694eb9f59e86f5bd25e6b"
            ],
            "markers": "python_version >= '3.7'",
            "version": "==9.0.1"
        },
        "pyobjc-framework-applicationservices": {
            "hashes": [
                "sha256:5af5d12871499c429dd68c5ec4be56c631ec8439aa953c266eed9afdffb5ec2b",
                "sha256:6829df4dc4cf012bdc221d4e0296d6699b33ca89741569df153989a0c18aa40e",
                "sha256:724da9dfae6ab0505b90340231a685720288caecfcca335b08903102e97a93dc",
                "sha256:8e1dbfc8f482c433ce642724d4bed0c527c7f2f2f8b9ba1ac3f778a68cf1538d",
                "sha256:c4214febf3cc2e417ae15d45b6502e5c20f1097cd042b025760d019fe69b07b6",
                "sha256:c62693e01ba272fbadcd66677881311d2d63fda84b9662533fcc883c54be76d7",
                "sha256:e3a350781fdcab6c1da4343dfc54ae3c0523e59e61147432f61dcfb365752fde"
            ],
            "markers": "sys_platform == 'darwin'",
            "version": "==9.0.1"
        },
        "pyobjc-framework-cocoa": {
            "hashes": [
                "sha256:0b374c0a9d32ba4fc5610ab2741cb05a005f1dfb82a47dbf2dbb2b3a34b73ce5",
                "sha256:2a41053cbcee30e1e8914efa749c50b70bf782527d5938f2bc2a6393740969ce",
                "sha256:5f94b0f92a62b781e633e58f09bcaded63d612f9b1e15202f5f372ea59e4aebd",
                "sha256:8928080cebbce91ac139e460d3dfc94c7cb6935be032dcae9c0a51b247f9c2d9",
                "sha256:9d2bd86a0a98d906f762f5dc59f2fc67cce32ae9633b02ff59ac8c8a33dd862d",
                "sha256:a8b53b3426f94307a58e2f8214dc1094c19afa9dcb96f21be12f937d968b2df3",
                "sha256:f062c3bb5cc89902e6d164aa9a66ffc03638645dd5f0468b6f525ac997c86e51"
            ],
            "markers": "python_version >= '3.7'",
            "version": "==9.0.1"
        },
        "pyobjc-framework-quartz": {
            "hashes": [
                "sha256:066ffbe26de1456f79a6d9467dabd6a3b9ef228318a0ba3f3fedbdbc0e2d3444",
                "sha256:0bedb6e1b7789d5b24fd5c790f0d53e4c62930313c97a891068bfa0e966ccc0b",
                "sha256:0c9b553be6ef672e0886b0d2c77d1841b1a942c7b1dc9a67f6e1376dc5493513",
                "sha256:13a546a2af7c1c5c2bbf88cce6891896a449e92466415ad14d9a5ee93fba6ef3",
                "sha256:7b39f85d0b747b0a13a11d0d538001b757c82d05e656eab437167b5b118307df",
                "sha256:7e2e37fc5c01bbdc37c1355d886e6184d1977043d5a05d1d956573fa8503dac3",
                "sha256:93ee6e339ab6928115a92188a0162ec80bf62cd0bd908d54695c1b9f9381ea45"
            ],
            "markers": "sys_platform == 'darwin'",
            "version": "==9.0.1"
        },
        "six": {
            "hashes": [
                "sha256:1e61c37477a1626458e36f7b1d82aa5c9b094fa4802892072e49de9c60c4c926",
                "sha256:8abb2f1d86890a2dfb989f9a77cfcfd3e47c2a354b01111771326f8aa26e0254"
            ],
            "markers": "python_version >= '2.7' and python_version not in '3.0, 3.1, 3.2, 3.3'",
            "version": "==1.16.0"
        },
        "sqlalchemy": {
            "hashes": [
                "sha256:013f4f330001e84a2b0ef1f2c9bd73169c79d582e54e1a144be1be1dbc911711",
                "sha256:0789e199fbce8cb1775337afc631ed12bcc5463dd77d7a06b8dafd758cde51f8",
                "sha256:0b698440c477c00bdedff87348b19a79630a235864a8f4378098d61079c16ce9",
                "sha256:0eac488be90dd3f7a655d2e34fa59e1305fccabc4abfbd002e3a72ae10bd2f89",
                "sha256:14854bdb2a35af536d14f77dfa8dbc20e1bb1972996d64c4147e0d3165c9aaf5",
                "sha256:18795e87601b4244fd08b542cd6bff9ef674b17bcd34e4a3c9935398e2cc762c",
                "sha256:32f508fef9c5a7d19411d94ef64cf5405e42c4689e51ddbb81ac9a7be045cce8",
                "sha256:33f73cc45ffa050f5c3b60ff4490e0ae9e02701461c1600d5ede1b008076b1b9",
                "sha256:38e26cf6b9b4c6c37846f7e31b42e4d664b35f055691265f07e06aeb6167c494",
                "sha256:3da3dff8d9833a7d7f66a3c45a79a3955f775c79f47bb7eea266d0b4c267b17a",
                "sha256:432cfd77642771ee7ea0dd0f3fb664f18506a3625eab6e6d5d1d771569171270",
                "sha256:4339110be209fea37a2bb4f35f1127c7562a0393e9e6df5d9a65cc4f5c167cb6",
                "sha256:486015a58c9a67f65a15b4f19468b35b97cee074ae55386a9c240f1da308fbfe",
                "sha256:494db0026918e3f707466a1200a5dedbf254a4bce01a3115fd95f04ba8258f09",
                "sha256:57b80e877eb6ec63295835f8a3b86ca3a44829f80c4748e1b019e03adea550fc",
                "sha256:5f7c40ec2e3b31293184020daba95850832bea523a08496ac89b27a5276ec804",
                "sha256:6d44ff7573016fc26311b5a5c54d5656fb9e0c39e138bc8b81cb7c8667485203",
                "sha256:774965c41b71c8ebe3c5728bf5b9a948231fc3a0422d9fdace0686f5bb689ad6",
                "sha256:7917632606fc5d4be661dcde45cc415df835e594e2c50cc999a44f24b6bf6d92",
                "sha256:9020125e3be677c64d4dda7048e247343f1663089cf268a4cc98c957adb7dbe0",
                "sha256:921485d1f69ed016e1f756de67d02ad4f143eb6b92b9776bfff78786d8978ab5",
                "sha256:94556a2a7fc3de094ea056b62845e2e6e271e26d1e1b2540a1cd2d2506257a10",
                "sha256:a4c1e1582492c66dfacc9eab52738f3e64d9a2a380e412668f75aa06e540f649",
                "sha256:a65a8fd09bdffd63fa23b39cd902e6a4ca23d86ecfe129513e43767a1f3e91fb",
                "sha256:a6f7d1debb233f1567d700ebcdde0781a0b63db0ef266246dfbf75ae41bfdf85",
                "sha256:b0995b92612979d208189245bf87349ad9243b97b49652347a28ddee0803225a",
                "sha256:b8ab8f90f4a13c979e6c41c9f011b655c1b9ae2df6cffa8fa2c7c4d740f3512e",
                "sha256:bc370d53fee7408330099c4bcc2573a107757b203bc61f114467dfe586a0c7bd",
                "sha256:c38641f5c3714505d65dbbd8fb1350408b9ad8461769ec8e440e1177f9c92d1d",
                "sha256:cc337b96ec59ef29907eeadc2ac11188739281568f14c719e61550ca6d201a41",
                "sha256:ce076e25f1170000b4ecdc57a1ff8a70dbe4a5648ec3da0563ef3064e8db4f15",
                "sha256:cebd161f964af58290596523c65e41a5a161a99f7212b1ae675e288a4b5e0a7c",
                "sha256:d2e7411d5ea164c6f4d003f5d4f5e72e202956aaa7496b95bb4a4c39669e001c",
                "sha256:e735a635126b2338dfd3a0863b675437cb53d85885a7602b8cffb24345df33ed",
                "sha256:e7e61e2e4dfe175dc3510889e44eda1c32f55870d6950ef40519640cb266704d",
                "sha256:e90f0be674e0845c5c1ccfa5e31c9ee28fd406546a61afc734355cc7ea1f8f8b",
                "sha256:ea1c63e61b5c13161c8468305f0a5837c80aae2070e33654c68dd12572b638eb",
                "sha256:ea9461f6955f3cf9eff6eeec271686caed7792c76f5b966886a36a42ea46e6b2",
                "sha256:f15c54713a8dd57a01c974c9f96476688f6f6374d348819ed7e459535844b614",
                "sha256:fb649c5473f79c9a7b6133f53a31f4d87de14755c79224007eb7ec76e628551e",
                "sha256:fc67667c8e8c04e5c3250ab2cd51df40bc7c28c7c253d0475b377eff86fe4bb0"
            ],
            "index": "pypi",
            "version": "==2.0.7"
        },
        "typing-extensions": {
            "hashes": [
                "sha256:5cb5f4a79139d699607b3ef622a1dedafa84e115ab0024e0d9c044a9479ca7cb",
                "sha256:fb33085c39dd998ac16d1431ebc293a8b3eedd00fd4a32de0ff79002c19511b4"
            ],
            "markers": "python_version >= '3.7'",
            "version": "==4.5.0"
        }
    },
    "develop": {}
}
